
Microsoft Visual Studio Solution File, Format Version 12.00
# Visual Studio Version 17
VisualStudioVersion = 17.8.34330.188
MinimumVisualStudioVersion = 10.0.40219.1
Project("{FAE04EC0-301F-11D3-BF4B-00C04F79EFBC}") = "dynamic_template", "dynamic_template\dynamic_template.csproj", "{48ECF4E0-B393-4DF3-AF4C-28861A6B778C}"
EndProject
Global
	GlobalSection(SolutionConfigurationPlatforms) = preSolution
		Debug|Any CPU = Debug|Any CPU
		Release|Any CPU = Release|Any CPU
	EndGlobalSection
	GlobalSection(ProjectConfigurationPlatforms) = postSolution
		{48ECF4E0-B393-4DF3-AF4C-28861A6B778C}.Debug|Any CPU.ActiveCfg = Debug|Any CPU
		{48ECF4E0-B393-4DF3-AF4C-28861A6B778C}.Debug|Any CPU.Build.0 = Debug|Any CPU
		{48ECF4E0-B393-4DF3-AF4C-28861A6B778C}.Release|Any CPU.ActiveCfg = Release|Any CPU
		{48ECF4E0-B393-4DF3-AF4C-28861A6B778C}.Release|Any CPU.Build.0 = Release|Any CPU
	EndGlobalSection
	GlobalSection(SolutionProperties) = preSolution
		HideSolutionNode = FALSE
	EndGlobalSection
	GlobalSection(ExtensibilityGlobals) = postSolution
		SolutionGuid = {F7E81572-ABC2-4F27-B9F4-03651CA9DE9B}
	EndGlobalSection
EndGlobal
